// !$*UTF8*$!
{
	archiveVersion = 1;
	classes = {
	};
	objectVersion = 50;
	objects = {

/* Begin PBXBuildFile section */
		1F03B6C32453C052007CA6E9 /* AppDelegate.swift in Sources */ = {isa = PBXBuildFile; fileRef = 1F03B6C22453C052007CA6E9 /* AppDelegate.swift */; };
		1F03B6C52453C052007CA6E9 /* SceneDelegate.swift in Sources */ = {isa = PBXBuildFile; fileRef = 1F03B6C42453C052007CA6E9 /* SceneDelegate.swift */; };
		1F03B6C72453C052007CA6E9 /* ContentView.swift in Sources */ = {isa = PBXBuildFile; fileRef = 1F03B6C62453C052007CA6E9 /* ContentView.swift */; };
		1F03B6C92453C052007CA6E9 /* Assets.xcassets in Resources */ = {isa = PBXBuildFile; fileRef = 1F03B6C82453C052007CA6E9 /* Assets.xcassets */; };
		1F03B6CC2453C052007CA6E9 /* Preview Assets.xcassets in Resources */ = {isa = PBXBuildFile; fileRef = 1F03B6CB2453C052007CA6E9 /* Preview Assets.xcassets */; };
		1F03B6CF2453C052007CA6E9 /* LaunchScreen.storyboard in Resources */ = {isa = PBXBuildFile; fileRef = 1F03B6CD2453C052007CA6E9 /* LaunchScreen.storyboard */; };
/* End PBXBuildFile section */

/* Begin PBXFileReference section */
		1F03B6BF2453C052007CA6E9 /* 2-Images.app */ = {isa = PBXFileReference; explicitFileType = wrapper.application; includeInIndex = 0; path = "2-Images.app"; sourceTree = BUILT_PRODUCTS_DIR; };
		1F03B6C22453C052007CA6E9 /* AppDelegate.swift */ = {isa = PBXFileReference; lastKnownFileType = sourcecode.swift; path = AppDelegate.swift; sourceTree = "<group>"; };
		1F03B6C42453C052007CA6E9 /* SceneDelegate.swift */ = {isa = PBXFileReference; lastKnownFileType = sourcecode.swift; path = SceneDelegate.swift; sourceTree = "<group>"; };
		1F03B6C62453C052007CA6E9 /* ContentView.swift */ = {isa = PBXFileReference; lastKnownFileType = sourcecode.swift; path = ContentView.swift; sourceTree = "<group>"; };
		1F03B6C82453C052007CA6E9 /* Assets.xcassets */ = {isa = PBXFileReference; lastKnownFileType = folder.assetcatalog; path = Assets.xcassets; sourceTree = "<group>"; };
		1F03B6CB2453C052007CA6E9 /* Preview Assets.xcassets */ = {isa = PBXFileReference; lastKnownFileType = folder.assetcatalog; path = "Preview Assets.xcassets"; sourceTree = "<group>"; };
		1F03B6CE2453C052007CA6E9 /* Base */ = {isa = PBXFileReference; lastKnownFileType = file.storyboard; name = Base; path = Base.lproj/LaunchScreen.storyboard; sourceTree = "<group>"; };
		1F03B6D02453C052007CA6E9 /* Info.plist */ = {isa = PBXFileReference; lastKnownFileType = text.plist.xml; path = Info.plist; sourceTree = "<group>"; };
/* End PBXFileReference section */

/* Begin PBXFrameworksBuildPhase section */
		1F03B6BC2453C052007CA6E9 /* Frameworks */ = {
			isa = PBXFrameworksBuildPhase;
			buildActionMask = 2147483647;
			files = (
			);
			runOnlyForDeploymentPostprocessing = 0;
		};
/* End PBXFrameworksBuildPhase section */

/* Begin PBXGroup section */
		1F03B6B62453C052007CA6E9 = {
			isa = PBXGroup;
			children = (
				1F03B6C12453C052007CA6E9 /* 2-Images */,
				1F03B6C02453C052007CA6E9 /* Products */,
			);
			sourceTree = "<group>";
		};
		1F03B6C02453C052007CA6E9 /* Products */ = {
			isa = PBXGroup;
			children = (
				1F03B6BF2453C052007CA6E9 /* 2-Images.app */,
			);
			name = Products;
			sourceTree = "<group>";
		};
		1F03B6C12453C052007CA6E9 /* 2-Images */ = {
			isa = PBXGroup;
			children = (
				1F03B6C22453C052007CA6E9 /* AppDelegate.swift */,
				1F03B6C42453C052007CA6E9 /* SceneDelegate.swift */,
				1F03B6C62453C052007CA6E9 /* ContentView.swift */,
				1F03B6C82453C052007CA6E9 /* Assets.xcassets */,
				1F03B6CD2453C052007CA6E9 /* LaunchScreen.storyboard */,
				1F03B6D02453C052007CA6E9 /* Info.plist */,
				1F03B6CA2453C052007CA6E9 /* Preview Content */,
			);
			path = "2-Images";
			sourceTree = "<group>";
		};
		1F03B6CA2453C052007CA6E9 /* Preview Content */ = {
			isa = PBXGroup;
			children = (
				1F03B6CB2453C052007CA6E9 /* Preview Assets.xcassets */,
			);
			path = "Preview Content";
			sourceTree = "<group>";
		};
/* End PBXGroup section */

/* Begin PBXNativeTarget section */
		1F03B6BE2453C052007CA6E9 /* 2-Images */ = {
			isa = PBXNativeTarget;
			buildConfigurationList = 1F03B6D32453C052007CA6E9 /* Build configuration list for PBXNativeTarget "2-Images" */;
			buildPhases = (
				1F03B6BB2453C052007CA6E9 /* Sources */,
				1F03B6BC2453C052007CA6E9 /* Frameworks */,
				1F03B6BD2453C052007CA6E9 /* Resources */,
			);
			buildRules = (
			);
			dependencies = (
			);
			name = "2-Images";
			productName = "2-Images";
			productReference = 1F03B6BF2453C052007CA6E9 /* 2-Images.app */;
			productType = "com.apple.product-type.application";
		};
/* End PBXNativeTarget section */

/* Begin PBXProject section */
		1F03B6B72453C052007CA6E9 /* Project object */ = {
			isa = PBXProject;
			attributes = {
				LastSwiftUpdateCheck = 1140;
				LastUpgradeCheck = 1140;
				ORGANIZATIONNAME = "kernel-root";
				TargetAttributes = {
					1F03B6BE2453C052007CA6E9 = {
						CreatedOnToolsVersion = 11.4.1;
					};
				};
			};
			buildConfigurationList = 1F03B6BA2453C052007CA6E9 /* Build configuration list for PBXProject "2-Images" */;
			compatibilityVersion = "Xcode 9.3";
			developmentRegion = en;
			hasScannedForEncodings = 0;
			knownRegions = (
				en,
				Base,
			);
			mainGroup = 1F03B6B62453C052007CA6E9;
			productRefGroup = 1F03B6C02453C052007CA6E9 /* Products */;
			projectDirPath = "";
			projectRoot = "";
			targets = (
				1F03B6BE2453C052007CA6E9 /* 2-Images */,
			);
		};
/* End PBXProject section */

/* Begin PBXResourcesBuildPhase section */
		1F03B6BD2453C052007CA6E9 /* Resources */ = {
			isa = PBXResourcesBuildPhase;
			buildActionMask = 2147483647;
			files = (
				1F03B6CF2453C052007CA6E9 /* LaunchScreen.storyboard in Resources */,
				1F03B6CC2453C052007CA6E9 /* Preview Assets.xcassets in Resources */,
				1F03B6C92453C052007CA6E9 /* Assets.xcassets in Resources */,
			);
			runOnlyForDeploymentPostprocessing = 0;
		};
/* End PBXResourcesBuildPhase section */

/* Begin PBXSourcesBuildPhase section */
		1F03B6BB2453C052007CA6E9 /* Sources */ = {
			isa = PBXSourcesBuildPhase;
			buildActionMask = 2147483647;
			files = (
				1F03B6C32453C052007CA6E9 /* AppDelegate.swift in Sources */,
				1F03B6C52453C052007CA6E9 /* SceneDelegate.swift in Sources */,
				1F03B6C72453C052007CA6E9 /* ContentView.swift in Sources */,
			);
			runOnlyForDeploymentPostprocessing = 0;
		};
/* End PBXSourcesBuildPhase section */

/* Begin PBXVariantGroup section */
		1F03B6CD2453C052007CA6E9 /* LaunchScreen.storyboard */ = {
			isa = PBXVariantGroup;
			children = (
				1F03B6CE2453C052007CA6E9 /* Base */,
			);
			name = LaunchScreen.storyboard;
			sourceTree = "<group>";
		};
/* End PBXVariantGroup section */

/* Begin XCBuildConfiguration section */
		1F03B6D12453C052007CA6E9 /* Debug */ = {
			isa = XCBuildConfiguration;
			buildSettings = {
				ALWAYS_SEARCH_USER_PATHS = NO;
				CLANG_ANALYZER_NONNULL = YES;
				CLANG_ANALYZER_NUMBER_OBJECT_CONVERSION = YES_AGGRESSIVE;
				CLANG_CXX_LANGUAGE_STANDARD = "gnu++14";
				CLANG_CXX_LIBRARY = "libc++";
				CLANG_ENABLE_MODULES = YES;
				CLANG_ENABLE_OBJC_ARC = YES;
				CLANG_ENABLE_OBJC_WEAK = YES;
				CLANG_WARN_BLOCK_CAPTURE_AUTORELEASING = YES;
				CLANG_WARN_BOOL_CONVERSION = YES;
				CLANG_WARN_COMMA = YES;
				CLANG_WARN_CONSTANT_CONVERSION = YES;
				CLANG_WARN_DEPRECATED_OBJC_IMPLEMENTATIONS = YES;
				CLANG_WARN_DIRECT_OBJC_ISA_USAGE = YES_ERROR;
				CLANG_WARN_DOCUMENTATION_COMMENTS = YES;
				CLANG_WARN_EMPTY_BODY = YES;
				CLANG_WARN_ENUM_CONVERSION = YES;
				CLANG_WARN_INFINITE_RECURSION = YES;
				CLANG_WARN_INT_CONVERSION = YES;
				CLANG_WARN_NON_LITERAL_NULL_CONVERSION = YES;
				CLANG_WARN_OBJC_IMPLICIT_RETAIN_SELF = YES;
				CLANG_WARN_OBJC_LITERAL_CONVERSION = YES;
				CLANG_WARN_OBJC_ROOT_CLASS = YES_ERROR;
				CLANG_WARN_RANGE_LOOP_ANALYSIS = YES;
				CLANG_WARN_STRICT_PROTOTYPES = YES;
				CLANG_WARN_SUSPICIOUS_MOVE = YES;
				CLANG_WARN_UNGUARDED_AVAILABILITY = YES_AGGRESSIVE;
				CLANG_WARN_UNREACHABLE_CODE = YES;
				CLANG_WARN__DUPLICATE_METHOD_MATCH = YES;
				COPY_PHASE_STRIP = NO;
				DEBUG_INFORMATION_FORMAT = dwarf;
				ENABLE_STRICT_OBJC_MSGSEND = YES;
				ENABLE_TESTABILITY = YES;
				GCC_C_LANGUAGE_STANDARD = gnu11;
				GCC_DYNAMIC_NO_PIC = NO;
				GCC_NO_COMMON_BLOCKS = YES;
				GCC_OPTIMIZATION_LEVEL = 0;
				GCC_PREPROCESSOR_DEFINITIONS = (
					"DEBUG=1",
					"$(inherited)",
				);
				GCC_WARN_64_TO_32_BIT_CONVERSION = YES;
				GCC_WARN_ABOUT_RETURN_TYPE = YES_ERROR;
				GCC_WARN_UNDECLARED_SELECTOR = YES;
				GCC_WARN_UNINITIALIZED_AUTOS = YES_AGGRESSIVE;
				GCC_WARN_UNUSED_FUNCTION = YES;
				GCC_WARN_UNUSED_VARIABLE = YES;
				IPHONEOS_DEPLOYMENT_TARGET = 13.4;
				MTL_ENABLE_DEBUG_INFO = INCLUDE_SOURCE;
				MTL_FAST_MATH = YES;
				ONLY_ACTIVE_ARCH = YES;
				SDKROOT = iphoneos;
				SWIFT_ACTIVE_COMPILATION_CONDITIONS = DEBUG;
				SWIFT_OPTIMIZATION_LEVEL = "-Onone";
			};
			name = Debug;
		};
		1F03B6D22453C052007CA6E9 /* Release */ = {
			isa = XCBuildConfiguration;
			buildSettings = {
				ALWAYS_SEARCH_USER_PATHS = NO;
				CLANG_ANALYZER_NONNULL = YES;
				CLANG_ANALYZER_NUMBER_OBJECT_CONVERSION = YES_AGGRESSIVE;
				CLANG_CXX_LANGUAGE_STANDARD = "gnu++14";
				CLANG_CXX_LIBRARY = "libc++";
				CLANG_ENABLE_MODULES = YES;
				CLANG_ENABLE_OBJC_ARC = YES;
				CLANG_ENABLE_OBJC_WEAK = YES;
				CLANG_WARN_BLOCK_CAPTURE_AUTORELEASING = YES;
				CLANG_WARN_BOOL_CONVERSION = YES;
				CLANG_WARN_COMMA = YES;
				CLANG_WARN_CONSTANT_CONVERSION = YES;
				CLANG_WARN_DEPRECATED_OBJC_IMPLEMENTATIONS = YES;
				CLANG_WARN_DIRECT_OBJC_ISA_USAGE = YES_ERROR;
				CLANG_WARN_DOCUMENTATION_COMMENTS = YES;
				CLANG_WARN_EMPTY_BODY = YES;
				CLANG_WARN_ENUM_CONVERSION = YES;
				CLANG_WARN_INFINITE_RECURSION = YES;
				CLANG_WARN_INT_CONVERSION = YES;
				CLANG_WARN_NON_LITERAL_NULL_CONVERSION = YES;
				CLANG_WARN_OBJC_IMPLICIT_RETAIN_SELF = YES;
				CLANG_WARN_OBJC_LITERAL_CONVERSION = YES;
				CLANG_WARN_OBJC_ROOT_CLASS = YES_ERROR;
				CLANG_WARN_RANGE_LOOP_ANALYSIS = YES;
				CLANG_WARN_STRICT_PROTOTYPES = YES;
				CLANG_WARN_SUSPICIOUS_MOVE = YES;
				CLANG_WARN_UNGUARDED_AVAILABILITY = YES_AGGRESSIVE;
				CLANG_WARN_UNREACHABLE_CODE = YES;
				CLANG_WARN__DUPLICATE_METHOD_MATCH = YES;
				COPY_PHASE_STRIP = NO;
				DEBUG_INFORMATION_FORMAT = "dwarf-with-dsym";
				ENABLE_NS_ASSERTIONS = NO;
				ENABLE_STRICT_OBJC_MSGSEND = YES;
				GCC_C_LANGUAGE_STANDARD = gnu11;
				GCC_NO_COMMON_BLOCKS = YES;
				GCC_WARN_64_TO_32_BIT_CONVERSION = YES;
				GCC_WARN_ABOUT_RETURN_TYPE = YES_ERROR;
				GCC_WARN_UNDECLARED_SELECTOR = YES;
				GCC_WARN_UNINITIALIZED_AUTOS = YES_AGGRESSIVE;
				GCC_WARN_UNUSED_FUNCTION = YES;
				GCC_WARN_UNUSED_VARIABLE = YES;
				IPHONEOS_DEPLOYMENT_TARGET = 13.4;
				MTL_ENABLE_DEBUG_INFO = NO;
				MTL_FAST_MATH = YES;
				SDKROOT = iphoneos;
				SWIFT_COMPILATION_MODE = wholemodule;
				SWIFT_OPTIMIZATION_LEVEL = "-O";
				VALIDATE_PRODUCT = YES;
			};
			name = Release;
		};
		1F03B6D42453C052007CA6E9 /* Debug */ = {
			isa = XCBuildConfiguration;
			buildSettings = {
				ASSETCATALOG_COMPILER_APPICON_NAME = AppIcon;
				CODE_SIGN_STYLE = Automatic;
				DEVELOPMENT_ASSET_PATHS = "\"2-Images/Preview Content\"";
				DEVELOPMENT_TEAM = XJJUM5G2KA;
				ENABLE_PREVIEWS = YES;
				INFOPLIST_FILE = "2-Images/Info.plist";
				LD_RUNPATH_SEARCH_PATHS = (
					"$(inherited)",
					"@executable_path/Frameworks",
				);
				PRODUCT_BUNDLE_IDENTIFIER = "com.--Images";
				PRODUCT_NAME = "$(TARGET_NAME)";
				SWIFT_VERSION = 5.0;
				TARGETED_DEVICE_FAMILY = "1,2";
			};
			name = Debug;
		};
		1F03B6D52453C052007CA6E9 /* Release */ = {
			isa = XCBuildConfiguration;
			buildSettings = {
				ASSETCATALOG_COMPILER_APPICON_NAME = AppIcon;
				CODE_SIGN_STYLE = Automatic;
				DEVELOPMENT_ASSET_PATHS = "\"2-Images/Preview Content\"";
				DEVELOPMENT_TEAM = XJJUM5G2KA;
				ENABLE_PREVIEWS = YES;
				INFOPLIST_FILE = "2-Images/Info.plist";
				LD_RUNPATH_SEARCH_PATHS = (
					"$(inherited)",
					"@executable_path/Frameworks",
				);
				PRODUCT_BUNDLE_IDENTIFIER = "com.--Images";
				PRODUCT_NAME = "$(TARGET_NAME)";
				SWIFT_VERSION = 5.0;
				TARGETED_DEVICE_FAMILY = "1,2";
			};
			name = Release;
		};
/* End XCBuildConfiguration section */

/* Begin XCConfigurationList section */
		1F03B6BA2453C052007CA6E9 /* Build configuration list for PBXProject "2-Images" */ = {
			isa = XCConfigurationList;
			buildConfigurations = (
				1F03B6D12453C052007CA6E9 /* Debug */,
				1F03B6D22453C052007CA6E9 /* Release */,
			);
			defaultConfigurationIsVisible = 0;
			defaultConfigurationName = Release;
		};
		1F03B6D32453C052007CA6E9 /* Build configuration list for PBXNativeTarget "2-Images" */ = {
			isa = XCConfigurationList;
			buildConfigurations = (
				1F03B6D42453C052007CA6E9 /* Debug */,
				1F03B6D52453C052007CA6E9 /* Release */,
			);
			defaultConfigurationIsVisible = 0;
			defaultConfigurationName = Release;
		};
/* End XCConfigurationList section */
	};
	rootObject = 1F03B6B72453C052007CA6E9 /* Project object */;
}
