// !$*UTF8*$!
{
	archiveVersion = 1;
	classes = {
	};
	objectVersion = 50;
	objects = {

/* Begin PBXBuildFile section */
		0CDF0FEB4ED636031432A111 /* Pods_Proyecto.framework in Frameworks */ = {isa = PBXBuildFile; fileRef = E81E12BB9711D2AEBC027EBA /* Pods_Proyecto.framework */; };
		5AF76D3424817675000D06F5 /* AppDelegate.swift in Sources */ = {isa = PBXBuildFile; fileRef = 5AF76D3324817675000D06F5 /* AppDelegate.swift */; };
		5AF76D3624817675000D06F5 /* SceneDelegate.swift in Sources */ = {isa = PBXBuildFile; fileRef = 5AF76D3524817675000D06F5 /* SceneDelegate.swift */; };
		5AF76D3824817675000D06F5 /* ContentView.swift in Sources */ = {isa = PBXBuildFile; fileRef = 5AF76D3724817675000D06F5 /* ContentView.swift */; };
		5AF76D3A2481767D000D06F5 /* Assets.xcassets in Resources */ = {isa = PBXBuildFile; fileRef = 5AF76D392481767D000D06F5 /* Assets.xcassets */; };
		5AF76D3D2481767D000D06F5 /* Preview Assets.xcassets in Resources */ = {isa = PBXBuildFile; fileRef = 5AF76D3C2481767D000D06F5 /* Preview Assets.xcassets */; };
		5AF76D402481767D000D06F5 /* LaunchScreen.storyboard in Resources */ = {isa = PBXBuildFile; fileRef = 5AF76D3E2481767D000D06F5 /* LaunchScreen.storyboard */; };
/* End PBXBuildFile section */

/* Begin PBXFileReference section */
		4A4DA41B1F5265A9833673DB /* Pods-Proyecto.debug.xcconfig */ = {isa = PBXFileReference; includeInIndex = 1; lastKnownFileType = text.xcconfig; name = "Pods-Proyecto.debug.xcconfig"; path = "Target Support Files/Pods-Proyecto/Pods-Proyecto.debug.xcconfig"; sourceTree = "<group>"; };
		5AF76D3024817675000D06F5 /* Proyecto.app */ = {isa = PBXFileReference; explicitFileType = wrapper.application; includeInIndex = 0; path = Proyecto.app; sourceTree = BUILT_PRODUCTS_DIR; };
		5AF76D3324817675000D06F5 /* AppDelegate.swift */ = {isa = PBXFileReference; lastKnownFileType = sourcecode.swift; path = AppDelegate.swift; sourceTree = "<group>"; };
		5AF76D3524817675000D06F5 /* SceneDelegate.swift */ = {isa = PBXFileReference; lastKnownFileType = sourcecode.swift; path = SceneDelegate.swift; sourceTree = "<group>"; };
		5AF76D3724817675000D06F5 /* ContentView.swift */ = {isa = PBXFileReference; lastKnownFileType = sourcecode.swift; path = ContentView.swift; sourceTree = "<group>"; };
		5AF76D392481767D000D06F5 /* Assets.xcassets */ = {isa = PBXFileReference; lastKnownFileType = folder.assetcatalog; path = Assets.xcassets; sourceTree = "<group>"; };
		5AF76D3C2481767D000D06F5 /* Preview Assets.xcassets */ = {isa = PBXFileReference; lastKnownFileType = folder.assetcatalog; path = "Preview Assets.xcassets"; sourceTree = "<group>"; };
		5AF76D3F2481767D000D06F5 /* Base */ = {isa = PBXFileReference; lastKnownFileType = file.storyboard; name = Base; path = Base.lproj/LaunchScreen.storyboard; sourceTree = "<group>"; };
		5AF76D412481767D000D06F5 /* Info.plist */ = {isa = PBXFileReference; lastKnownFileType = text.plist.xml; path = Info.plist; sourceTree = "<group>"; };
		A004604C650730196BA6F13D /* Pods-Proyecto.release.xcconfig */ = {isa = PBXFileReference; includeInIndex = 1; lastKnownFileType = text.xcconfig; name = "Pods-Proyecto.release.xcconfig"; path = "Target Support Files/Pods-Proyecto/Pods-Proyecto.release.xcconfig"; sourceTree = "<group>"; };
		E81E12BB9711D2AEBC027EBA /* Pods_Proyecto.framework */ = {isa = PBXFileReference; explicitFileType = wrapper.framework; includeInIndex = 0; path = Pods_Proyecto.framework; sourceTree = BUILT_PRODUCTS_DIR; };
/* End PBXFileReference section */

/* Begin PBXFrameworksBuildPhase section */
		5AF76D2D24817675000D06F5 /* Frameworks */ = {
			isa = PBXFrameworksBuildPhase;
			buildActionMask = 2147483647;
			files = (
				0CDF0FEB4ED636031432A111 /* Pods_Proyecto.framework in Frameworks */,
			);
			runOnlyForDeploymentPostprocessing = 0;
		};
/* End PBXFrameworksBuildPhase section */

/* Begin PBXGroup section */
		5AF76D2724817675000D06F5 = {
			isa = PBXGroup;
			children = (
				5AF76D3224817675000D06F5 /* Proyecto */,
				5AF76D3124817675000D06F5 /* Products */,
				CCD253A16FFA025184187533 /* Pods */,
				B2AE3418D132A2CEB19249A9 /* Frameworks */,
			);
			sourceTree = "<group>";
		};
		5AF76D3124817675000D06F5 /* Products */ = {
			isa = PBXGroup;
			children = (
				5AF76D3024817675000D06F5 /* Proyecto.app */,
			);
			name = Products;
			sourceTree = "<group>";
		};
		5AF76D3224817675000D06F5 /* Proyecto */ = {
			isa = PBXGroup;
			children = (
				5AF76D3324817675000D06F5 /* AppDelegate.swift */,
				5AF76D3524817675000D06F5 /* SceneDelegate.swift */,
				5AF76D3724817675000D06F5 /* ContentView.swift */,
				5AF76D392481767D000D06F5 /* Assets.xcassets */,
				5AF76D3E2481767D000D06F5 /* LaunchScreen.storyboard */,
				5AF76D412481767D000D06F5 /* Info.plist */,
				5AF76D3B2481767D000D06F5 /* Preview Content */,
			);
			path = Proyecto;
			sourceTree = "<group>";
		};
		5AF76D3B2481767D000D06F5 /* Preview Content */ = {
			isa = PBXGroup;
			children = (
				5AF76D3C2481767D000D06F5 /* Preview Assets.xcassets */,
			);
			path = "Preview Content";
			sourceTree = "<group>";
		};
		B2AE3418D132A2CEB19249A9 /* Frameworks */ = {
			isa = PBXGroup;
			children = (
				E81E12BB9711D2AEBC027EBA /* Pods_Proyecto.framework */,
			);
			name = Frameworks;
			sourceTree = "<group>";
		};
		CCD253A16FFA025184187533 /* Pods */ = {
			isa = PBXGroup;
			children = (
				4A4DA41B1F5265A9833673DB /* Pods-Proyecto.debug.xcconfig */,
				A004604C650730196BA6F13D /* Pods-Proyecto.release.xcconfig */,
			);
			name = Pods;
			path = Pods;
			sourceTree = "<group>";
		};
/* End PBXGroup section */

/* Begin PBXNativeTarget section */
		5AF76D2F24817675000D06F5 /* Proyecto */ = {
			isa = PBXNativeTarget;
			buildConfigurationList = 5AF76D442481767D000D06F5 /* Build configuration list for PBXNativeTarget "Proyecto" */;
			buildPhases = (
				D0CE9FE888AF080ED66CB7F2 /* [CP] Check Pods Manifest.lock */,
				5AF76D2C24817675000D06F5 /* Sources */,
				5AF76D2D24817675000D06F5 /* Frameworks */,
				5AF76D2E24817675000D06F5 /* Resources */,
				61C1794DBC716DEB7EB71171 /* [CP] Embed Pods Frameworks */,
			);
			buildRules = (
			);
			dependencies = (
			);
			name = Proyecto;
			productName = Proyecto;
			productReference = 5AF76D3024817675000D06F5 /* Proyecto.app */;
			productType = "com.apple.product-type.application";
		};
/* End PBXNativeTarget section */

/* Begin PBXProject section */
		5AF76D2824817675000D06F5 /* Project object */ = {
			isa = PBXProject;
			attributes = {
				LastSwiftUpdateCheck = 1150;
				LastUpgradeCheck = 1150;
				ORGANIZATIONNAME = "Santiago Ixtayutla";
				TargetAttributes = {
					5AF76D2F24817675000D06F5 = {
						CreatedOnToolsVersion = 11.5;
					};
				};
			};
			buildConfigurationList = 5AF76D2B24817675000D06F5 /* Build configuration list for PBXProject "Proyecto" */;
			compatibilityVersion = "Xcode 9.3";
			developmentRegion = en;
			hasScannedForEncodings = 0;
			knownRegions = (
				en,
				Base,
			);
			mainGroup = 5AF76D2724817675000D06F5;
			productRefGroup = 5AF76D3124817675000D06F5 /* Products */;
			projectDirPath = "";
			projectRoot = "";
			targets = (
				5AF76D2F24817675000D06F5 /* Proyecto */,
			);
		};
/* End PBXProject section */

/* Begin PBXResourcesBuildPhase section */
		5AF76D2E24817675000D06F5 /* Resources */ = {
			isa = PBXResourcesBuildPhase;
			buildActionMask = 2147483647;
			files = (
				5AF76D402481767D000D06F5 /* LaunchScreen.storyboard in Resources */,
				5AF76D3D2481767D000D06F5 /* Preview Assets.xcassets in Resources */,
				5AF76D3A2481767D000D06F5 /* Assets.xcassets in Resources */,
			);
			runOnlyForDeploymentPostprocessing = 0;
		};
/* End PBXResourcesBuildPhase section */

/* Begin PBXShellScriptBuildPhase section */
		61C1794DBC716DEB7EB71171 /* [CP] Embed Pods Frameworks */ = {
			isa = PBXShellScriptBuildPhase;
			buildActionMask = 2147483647;
			files = (
			);
			inputFileListPaths = (
				"${PODS_ROOT}/Target Support Files/Pods-Proyecto/Pods-Proyecto-frameworks-${CONFIGURATION}-input-files.xcfilelist",
			);
			name = "[CP] Embed Pods Frameworks";
			outputFileListPaths = (
				"${PODS_ROOT}/Target Support Files/Pods-Proyecto/Pods-Proyecto-frameworks-${CONFIGURATION}-output-files.xcfilelist",
			);
			runOnlyForDeploymentPostprocessing = 0;
			shellPath = /bin/sh;
			shellScript = "\"${PODS_ROOT}/Target Support Files/Pods-Proyecto/Pods-Proyecto-frameworks.sh\"\n";
			showEnvVarsInLog = 0;
		};
		D0CE9FE888AF080ED66CB7F2 /* [CP] Check Pods Manifest.lock */ = {
			isa = PBXShellScriptBuildPhase;
			buildActionMask = 2147483647;
			files = (
			);
			inputFileListPaths = (
			);
			inputPaths = (
				"${PODS_PODFILE_DIR_PATH}/Podfile.lock",
				"${PODS_ROOT}/Manifest.lock",
			);
			name = "[CP] Check Pods Manifest.lock";
			outputFileListPaths = (
			);
			outputPaths = (
				"$(DERIVED_FILE_DIR)/Pods-Proyecto-checkManifestLockResult.txt",
			);
			runOnlyForDeploymentPostprocessing = 0;
			shellPath = /bin/sh;
			shellScript = "diff \"${PODS_PODFILE_DIR_PATH}/Podfile.lock\" \"${PODS_ROOT}/Manifest.lock\" > /dev/null\nif [ $? != 0 ] ; then\n    # print error to STDERR\n    echo \"error: The sandbox is not in sync with the Podfile.lock. Run 'pod install' or update your CocoaPods installation.\" >&2\n    exit 1\nfi\n# This output is used by Xcode 'outputs' to avoid re-running this script phase.\necho \"SUCCESS\" > \"${SCRIPT_OUTPUT_FILE_0}\"\n";
			showEnvVarsInLog = 0;
		};
/* End PBXShellScriptBuildPhase section */

/* Begin PBXSourcesBuildPhase section */
		5AF76D2C24817675000D06F5 /* Sources */ = {
			isa = PBXSourcesBuildPhase;
			buildActionMask = 2147483647;
			files = (
				5AF76D3424817675000D06F5 /* AppDelegate.swift in Sources */,
				5AF76D3624817675000D06F5 /* SceneDelegate.swift in Sources */,
				5AF76D3824817675000D06F5 /* ContentView.swift in Sources */,
			);
			runOnlyForDeploymentPostprocessing = 0;
		};
/* End PBXSourcesBuildPhase section */

/* Begin PBXVariantGroup section */
		5AF76D3E2481767D000D06F5 /* LaunchScreen.storyboard */ = {
			isa = PBXVariantGroup;
			children = (
				5AF76D3F2481767D000D06F5 /* Base */,
			);
			name = LaunchScreen.storyboard;
			sourceTree = "<group>";
		};
/* End PBXVariantGroup section */

/* Begin XCBuildConfiguration section */
		5AF76D422481767D000D06F5 /* Debug */ = {
			isa = XCBuildConfiguration;
			buildSettings = {
				ALWAYS_SEARCH_USER_PATHS = NO;
				CLANG_ANALYZER_NONNULL = YES;
				CLANG_ANALYZER_NUMBER_OBJECT_CONVERSION = YES_AGGRESSIVE;
				CLANG_CXX_LANGUAGE_STANDARD = "gnu++14";
				CLANG_CXX_LIBRARY = "libc++";
				CLANG_ENABLE_MODULES = YES;
				CLANG_ENABLE_OBJC_ARC = YES;
				CLANG_ENABLE_OBJC_WEAK = YES;
				CLANG_WARN_BLOCK_CAPTURE_AUTORELEASING = YES;
				CLANG_WARN_BOOL_CONVERSION = YES;
				CLANG_WARN_COMMA = YES;
				CLANG_WARN_CONSTANT_CONVERSION = YES;
				CLANG_WARN_DEPRECATED_OBJC_IMPLEMENTATIONS = YES;
				CLANG_WARN_DIRECT_OBJC_ISA_USAGE = YES_ERROR;
				CLANG_WARN_DOCUMENTATION_COMMENTS = YES;
				CLANG_WARN_EMPTY_BODY = YES;
				CLANG_WARN_ENUM_CONVERSION = YES;
				CLANG_WARN_INFINITE_RECURSION = YES;
				CLANG_WARN_INT_CONVERSION = YES;
				CLANG_WARN_NON_LITERAL_NULL_CONVERSION = YES;
				CLANG_WARN_OBJC_IMPLICIT_RETAIN_SELF = YES;
				CLANG_WARN_OBJC_LITERAL_CONVERSION = YES;
				CLANG_WARN_OBJC_ROOT_CLASS = YES_ERROR;
				CLANG_WARN_RANGE_LOOP_ANALYSIS = YES;
				CLANG_WARN_STRICT_PROTOTYPES = YES;
				CLANG_WARN_SUSPICIOUS_MOVE = YES;
				CLANG_WARN_UNGUARDED_AVAILABILITY = YES_AGGRESSIVE;
				CLANG_WARN_UNREACHABLE_CODE = YES;
				CLANG_WARN__DUPLICATE_METHOD_MATCH = YES;
				COPY_PHASE_STRIP = NO;
				DEBUG_INFORMATION_FORMAT = dwarf;
				ENABLE_STRICT_OBJC_MSGSEND = YES;
				ENABLE_TESTABILITY = YES;
				GCC_C_LANGUAGE_STANDARD = gnu11;
				GCC_DYNAMIC_NO_PIC = NO;
				GCC_NO_COMMON_BLOCKS = YES;
				GCC_OPTIMIZATION_LEVEL = 0;
				GCC_PREPROCESSOR_DEFINITIONS = (
					"DEBUG=1",
					"$(inherited)",
				);
				GCC_WARN_64_TO_32_BIT_CONVERSION = YES;
				GCC_WARN_ABOUT_RETURN_TYPE = YES_ERROR;
				GCC_WARN_UNDECLARED_SELECTOR = YES;
				GCC_WARN_UNINITIALIZED_AUTOS = YES_AGGRESSIVE;
				GCC_WARN_UNUSED_FUNCTION = YES;
				GCC_WARN_UNUSED_VARIABLE = YES;
				IPHONEOS_DEPLOYMENT_TARGET = 13.5;
				MTL_ENABLE_DEBUG_INFO = INCLUDE_SOURCE;
				MTL_FAST_MATH = YES;
				ONLY_ACTIVE_ARCH = YES;
				SDKROOT = iphoneos;
				SWIFT_ACTIVE_COMPILATION_CONDITIONS = DEBUG;
				SWIFT_OPTIMIZATION_LEVEL = "-Onone";
			};
			name = Debug;
		};
		5AF76D432481767D000D06F5 /* Release */ = {
			isa = XCBuildConfiguration;
			buildSettings = {
				ALWAYS_SEARCH_USER_PATHS = NO;
				CLANG_ANALYZER_NONNULL = YES;
				CLANG_ANALYZER_NUMBER_OBJECT_CONVERSION = YES_AGGRESSIVE;
				CLANG_CXX_LANGUAGE_STANDARD = "gnu++14";
				CLANG_CXX_LIBRARY = "libc++";
				CLANG_ENABLE_MODULES = YES;
				CLANG_ENABLE_OBJC_ARC = YES;
				CLANG_ENABLE_OBJC_WEAK = YES;
				CLANG_WARN_BLOCK_CAPTURE_AUTORELEASING = YES;
				CLANG_WARN_BOOL_CONVERSION = YES;
				CLANG_WARN_COMMA = YES;
				CLANG_WARN_CONSTANT_CONVERSION = YES;
				CLANG_WARN_DEPRECATED_OBJC_IMPLEMENTATIONS = YES;
				CLANG_WARN_DIRECT_OBJC_ISA_USAGE = YES_ERROR;
				CLANG_WARN_DOCUMENTATION_COMMENTS = YES;
				CLANG_WARN_EMPTY_BODY = YES;
				CLANG_WARN_ENUM_CONVERSION = YES;
				CLANG_WARN_INFINITE_RECURSION = YES;
				CLANG_WARN_INT_CONVERSION = YES;
				CLANG_WARN_NON_LITERAL_NULL_CONVERSION = YES;
				CLANG_WARN_OBJC_IMPLICIT_RETAIN_SELF = YES;
				CLANG_WARN_OBJC_LITERAL_CONVERSION = YES;
				CLANG_WARN_OBJC_ROOT_CLASS = YES_ERROR;
				CLANG_WARN_RANGE_LOOP_ANALYSIS = YES;
				CLANG_WARN_STRICT_PROTOTYPES = YES;
				CLANG_WARN_SUSPICIOUS_MOVE = YES;
				CLANG_WARN_UNGUARDED_AVAILABILITY = YES_AGGRESSIVE;
				CLANG_WARN_UNREACHABLE_CODE = YES;
				CLANG_WARN__DUPLICATE_METHOD_MATCH = YES;
				COPY_PHASE_STRIP = NO;
				DEBUG_INFORMATION_FORMAT = "dwarf-with-dsym";
				ENABLE_NS_ASSERTIONS = NO;
				ENABLE_STRICT_OBJC_MSGSEND = YES;
				GCC_C_LANGUAGE_STANDARD = gnu11;
				GCC_NO_COMMON_BLOCKS = YES;
				GCC_WARN_64_TO_32_BIT_CONVERSION = YES;
				GCC_WARN_ABOUT_RETURN_TYPE = YES_ERROR;
				GCC_WARN_UNDECLARED_SELECTOR = YES;
				GCC_WARN_UNINITIALIZED_AUTOS = YES_AGGRESSIVE;
				GCC_WARN_UNUSED_FUNCTION = YES;
				GCC_WARN_UNUSED_VARIABLE = YES;
				IPHONEOS_DEPLOYMENT_TARGET = 13.5;
				MTL_ENABLE_DEBUG_INFO = NO;
				MTL_FAST_MATH = YES;
				SDKROOT = iphoneos;
				SWIFT_COMPILATION_MODE = wholemodule;
				SWIFT_OPTIMIZATION_LEVEL = "-O";
				VALIDATE_PRODUCT = YES;
			};
			name = Release;
		};
		5AF76D452481767D000D06F5 /* Debug */ = {
			isa = XCBuildConfiguration;
			baseConfigurationReference = 4A4DA41B1F5265A9833673DB /* Pods-Proyecto.debug.xcconfig */;
			buildSettings = {
				ASSETCATALOG_COMPILER_APPICON_NAME = AppIcon;
				CODE_SIGN_STYLE = Automatic;
				DEVELOPMENT_ASSET_PATHS = "\"Proyecto/Preview Content\"";
				DEVELOPMENT_TEAM = LR77JW47YC;
				ENABLE_PREVIEWS = YES;
				INFOPLIST_FILE = Proyecto/Info.plist;
				LD_RUNPATH_SEARCH_PATHS = (
					"$(inherited)",
					"@executable_path/Frameworks",
				);
				PRODUCT_BUNDLE_IDENTIFIER = "-SantiagoIxtacom.Proyecto";
				PRODUCT_NAME = "$(TARGET_NAME)";
				SWIFT_VERSION = 5.0;
				TARGETED_DEVICE_FAMILY = "1,2";
			};
			name = Debug;
		};
		5AF76D462481767D000D06F5 /* Release */ = {
			isa = XCBuildConfiguration;
			baseConfigurationReference = A004604C650730196BA6F13D /* Pods-Proyecto.release.xcconfig */;
			buildSettings = {
				ASSETCATALOG_COMPILER_APPICON_NAME = AppIcon;
				CODE_SIGN_STYLE = Automatic;
				DEVELOPMENT_ASSET_PATHS = "\"Proyecto/Preview Content\"";
				DEVELOPMENT_TEAM = LR77JW47YC;
				ENABLE_PREVIEWS = YES;
				INFOPLIST_FILE = Proyecto/Info.plist;
				LD_RUNPATH_SEARCH_PATHS = (
					"$(inherited)",
					"@executable_path/Frameworks",
				);
				PRODUCT_BUNDLE_IDENTIFIER = "-SantiagoIxtacom.Proyecto";
				PRODUCT_NAME = "$(TARGET_NAME)";
				SWIFT_VERSION = 5.0;
				TARGETED_DEVICE_FAMILY = "1,2";
			};
			name = Release;
		};
/* End XCBuildConfiguration section */

/* Begin XCConfigurationList section */
		5AF76D2B24817675000D06F5 /* Build configuration list for PBXProject "Proyecto" */ = {
			isa = XCConfigurationList;
			buildConfigurations = (
				5AF76D422481767D000D06F5 /* Debug */,
				5AF76D432481767D000D06F5 /* Release */,
			);
			defaultConfigurationIsVisible = 0;
			defaultConfigurationName = Release;
		};
		5AF76D442481767D000D06F5 /* Build configuration list for PBXNativeTarget "Proyecto" */ = {
			isa = XCConfigurationList;
			buildConfigurations = (
				5AF76D452481767D000D06F5 /* Debug */,
				5AF76D462481767D000D06F5 /* Release */,
			);
			defaultConfigurationIsVisible = 0;
			defaultConfigurationName = Release;
		};
/* End XCConfigurationList section */
	};
	rootObject = 5AF76D2824817675000D06F5 /* Project object */;
}
