// !$*UTF8*$!
{
	archiveVersion = 1;
	classes = {
	};
	objectVersion = 50;
	objects = {

/* Begin PBXBuildFile section */
		1F76A631245DDEB900D12D88 /* AppDelegate.swift in Sources */ = {isa = PBXBuildFile; fileRef = 1F76A630245DDEB900D12D88 /* AppDelegate.swift */; };
		1F76A633245DDEB900D12D88 /* SceneDelegate.swift in Sources */ = {isa = PBXBuildFile; fileRef = 1F76A632245DDEB900D12D88 /* SceneDelegate.swift */; };
		1F76A635245DDEB900D12D88 /* ContentView.swift in Sources */ = {isa = PBXBuildFile; fileRef = 1F76A634245DDEB900D12D88 /* ContentView.swift */; };
		1F76A637245DDEBD00D12D88 /* Assets.xcassets in Resources */ = {isa = PBXBuildFile; fileRef = 1F76A636245DDEBD00D12D88 /* Assets.xcassets */; };
		1F76A63A245DDEBD00D12D88 /* Preview Assets.xcassets in Resources */ = {isa = PBXBuildFile; fileRef = 1F76A639245DDEBD00D12D88 /* Preview Assets.xcassets */; };
		1F76A63D245DDEBD00D12D88 /* LaunchScreen.storyboard in Resources */ = {isa = PBXBuildFile; fileRef = 1F76A63B245DDEBD00D12D88 /* LaunchScreen.storyboard */; };
		1F76A645245DE47B00D12D88 /* NewPath.swift in Sources */ = {isa = PBXBuildFile; fileRef = 1F76A644245DE47B00D12D88 /* NewPath.swift */; };
		1F76A647245DED9D00D12D88 /* PiewView.swift in Sources */ = {isa = PBXBuildFile; fileRef = 1F76A646245DED9D00D12D88 /* PiewView.swift */; };
/* End PBXBuildFile section */

/* Begin PBXFileReference section */
		1F76A62D245DDEB900D12D88 /* 07_Dibujo.app */ = {isa = PBXFileReference; explicitFileType = wrapper.application; includeInIndex = 0; path = 07_Dibujo.app; sourceTree = BUILT_PRODUCTS_DIR; };
		1F76A630245DDEB900D12D88 /* AppDelegate.swift */ = {isa = PBXFileReference; lastKnownFileType = sourcecode.swift; path = AppDelegate.swift; sourceTree = "<group>"; };
		1F76A632245DDEB900D12D88 /* SceneDelegate.swift */ = {isa = PBXFileReference; lastKnownFileType = sourcecode.swift; path = SceneDelegate.swift; sourceTree = "<group>"; };
		1F76A634245DDEB900D12D88 /* ContentView.swift */ = {isa = PBXFileReference; lastKnownFileType = sourcecode.swift; path = ContentView.swift; sourceTree = "<group>"; };
		1F76A636245DDEBD00D12D88 /* Assets.xcassets */ = {isa = PBXFileReference; lastKnownFileType = folder.assetcatalog; path = Assets.xcassets; sourceTree = "<group>"; };
		1F76A639245DDEBD00D12D88 /* Preview Assets.xcassets */ = {isa = PBXFileReference; lastKnownFileType = folder.assetcatalog; path = "Preview Assets.xcassets"; sourceTree = "<group>"; };
		1F76A63C245DDEBD00D12D88 /* Base */ = {isa = PBXFileReference; lastKnownFileType = file.storyboard; name = Base; path = Base.lproj/LaunchScreen.storyboard; sourceTree = "<group>"; };
		1F76A63E245DDEBD00D12D88 /* Info.plist */ = {isa = PBXFileReference; lastKnownFileType = text.plist.xml; path = Info.plist; sourceTree = "<group>"; };
		1F76A644245DE47B00D12D88 /* NewPath.swift */ = {isa = PBXFileReference; lastKnownFileType = sourcecode.swift; path = NewPath.swift; sourceTree = "<group>"; };
		1F76A646245DED9D00D12D88 /* PiewView.swift */ = {isa = PBXFileReference; lastKnownFileType = sourcecode.swift; path = PiewView.swift; sourceTree = "<group>"; };
/* End PBXFileReference section */

/* Begin PBXFrameworksBuildPhase section */
		1F76A62A245DDEB900D12D88 /* Frameworks */ = {
			isa = PBXFrameworksBuildPhase;
			buildActionMask = 2147483647;
			files = (
			);
			runOnlyForDeploymentPostprocessing = 0;
		};
/* End PBXFrameworksBuildPhase section */

/* Begin PBXGroup section */
		1F76A624245DDEB900D12D88 = {
			isa = PBXGroup;
			children = (
				1F76A644245DE47B00D12D88 /* NewPath.swift */,
				1F76A646245DED9D00D12D88 /* PiewView.swift */,
				1F76A62F245DDEB900D12D88 /* 07_Dibujo */,
				1F76A62E245DDEB900D12D88 /* Products */,
			);
			sourceTree = "<group>";
		};
		1F76A62E245DDEB900D12D88 /* Products */ = {
			isa = PBXGroup;
			children = (
				1F76A62D245DDEB900D12D88 /* 07_Dibujo.app */,
			);
			name = Products;
			sourceTree = "<group>";
		};
		1F76A62F245DDEB900D12D88 /* 07_Dibujo */ = {
			isa = PBXGroup;
			children = (
				1F76A630245DDEB900D12D88 /* AppDelegate.swift */,
				1F76A632245DDEB900D12D88 /* SceneDelegate.swift */,
				1F76A634245DDEB900D12D88 /* ContentView.swift */,
				1F76A636245DDEBD00D12D88 /* Assets.xcassets */,
				1F76A63B245DDEBD00D12D88 /* LaunchScreen.storyboard */,
				1F76A63E245DDEBD00D12D88 /* Info.plist */,
				1F76A638245DDEBD00D12D88 /* Preview Content */,
			);
			path = 07_Dibujo;
			sourceTree = "<group>";
		};
		1F76A638245DDEBD00D12D88 /* Preview Content */ = {
			isa = PBXGroup;
			children = (
				1F76A639245DDEBD00D12D88 /* Preview Assets.xcassets */,
			);
			path = "Preview Content";
			sourceTree = "<group>";
		};
/* End PBXGroup section */

/* Begin PBXNativeTarget section */
		1F76A62C245DDEB900D12D88 /* 07_Dibujo */ = {
			isa = PBXNativeTarget;
			buildConfigurationList = 1F76A641245DDEBD00D12D88 /* Build configuration list for PBXNativeTarget "07_Dibujo" */;
			buildPhases = (
				1F76A629245DDEB900D12D88 /* Sources */,
				1F76A62A245DDEB900D12D88 /* Frameworks */,
				1F76A62B245DDEB900D12D88 /* Resources */,
			);
			buildRules = (
			);
			dependencies = (
			);
			name = 07_Dibujo;
			productName = 07_Dibujo;
			productReference = 1F76A62D245DDEB900D12D88 /* 07_Dibujo.app */;
			productType = "com.apple.product-type.application";
		};
/* End PBXNativeTarget section */

/* Begin PBXProject section */
		1F76A625245DDEB900D12D88 /* Project object */ = {
			isa = PBXProject;
			attributes = {
				LastSwiftUpdateCheck = 1140;
				LastUpgradeCheck = 1140;
				ORGANIZATIONNAME = "kernel-root";
				TargetAttributes = {
					1F76A62C245DDEB900D12D88 = {
						CreatedOnToolsVersion = 11.4.1;
					};
				};
			};
			buildConfigurationList = 1F76A628245DDEB900D12D88 /* Build configuration list for PBXProject "07_Dibujo" */;
			compatibilityVersion = "Xcode 9.3";
			developmentRegion = en;
			hasScannedForEncodings = 0;
			knownRegions = (
				en,
				Base,
			);
			mainGroup = 1F76A624245DDEB900D12D88;
			productRefGroup = 1F76A62E245DDEB900D12D88 /* Products */;
			projectDirPath = "";
			projectRoot = "";
			targets = (
				1F76A62C245DDEB900D12D88 /* 07_Dibujo */,
			);
		};
/* End PBXProject section */

/* Begin PBXResourcesBuildPhase section */
		1F76A62B245DDEB900D12D88 /* Resources */ = {
			isa = PBXResourcesBuildPhase;
			buildActionMask = 2147483647;
			files = (
				1F76A63D245DDEBD00D12D88 /* LaunchScreen.storyboard in Resources */,
				1F76A63A245DDEBD00D12D88 /* Preview Assets.xcassets in Resources */,
				1F76A637245DDEBD00D12D88 /* Assets.xcassets in Resources */,
			);
			runOnlyForDeploymentPostprocessing = 0;
		};
/* End PBXResourcesBuildPhase section */

/* Begin PBXSourcesBuildPhase section */
		1F76A629245DDEB900D12D88 /* Sources */ = {
			isa = PBXSourcesBuildPhase;
			buildActionMask = 2147483647;
			files = (
				1F76A647245DED9D00D12D88 /* PiewView.swift in Sources */,
				1F76A631245DDEB900D12D88 /* AppDelegate.swift in Sources */,
				1F76A633245DDEB900D12D88 /* SceneDelegate.swift in Sources */,
				1F76A635245DDEB900D12D88 /* ContentView.swift in Sources */,
				1F76A645245DE47B00D12D88 /* NewPath.swift in Sources */,
			);
			runOnlyForDeploymentPostprocessing = 0;
		};
/* End PBXSourcesBuildPhase section */

/* Begin PBXVariantGroup section */
		1F76A63B245DDEBD00D12D88 /* LaunchScreen.storyboard */ = {
			isa = PBXVariantGroup;
			children = (
				1F76A63C245DDEBD00D12D88 /* Base */,
			);
			name = LaunchScreen.storyboard;
			sourceTree = "<group>";
		};
/* End PBXVariantGroup section */

/* Begin XCBuildConfiguration section */
		1F76A63F245DDEBD00D12D88 /* Debug */ = {
			isa = XCBuildConfiguration;
			buildSettings = {
				ALWAYS_SEARCH_USER_PATHS = NO;
				CLANG_ANALYZER_NONNULL = YES;
				CLANG_ANALYZER_NUMBER_OBJECT_CONVERSION = YES_AGGRESSIVE;
				CLANG_CXX_LANGUAGE_STANDARD = "gnu++14";
				CLANG_CXX_LIBRARY = "libc++";
				CLANG_ENABLE_MODULES = YES;
				CLANG_ENABLE_OBJC_ARC = YES;
				CLANG_ENABLE_OBJC_WEAK = YES;
				CLANG_WARN_BLOCK_CAPTURE_AUTORELEASING = YES;
				CLANG_WARN_BOOL_CONVERSION = YES;
				CLANG_WARN_COMMA = YES;
				CLANG_WARN_CONSTANT_CONVERSION = YES;
				CLANG_WARN_DEPRECATED_OBJC_IMPLEMENTATIONS = YES;
				CLANG_WARN_DIRECT_OBJC_ISA_USAGE = YES_ERROR;
				CLANG_WARN_DOCUMENTATION_COMMENTS = YES;
				CLANG_WARN_EMPTY_BODY = YES;
				CLANG_WARN_ENUM_CONVERSION = YES;
				CLANG_WARN_INFINITE_RECURSION = YES;
				CLANG_WARN_INT_CONVERSION = YES;
				CLANG_WARN_NON_LITERAL_NULL_CONVERSION = YES;
				CLANG_WARN_OBJC_IMPLICIT_RETAIN_SELF = YES;
				CLANG_WARN_OBJC_LITERAL_CONVERSION = YES;
				CLANG_WARN_OBJC_ROOT_CLASS = YES_ERROR;
				CLANG_WARN_RANGE_LOOP_ANALYSIS = YES;
				CLANG_WARN_STRICT_PROTOTYPES = YES;
				CLANG_WARN_SUSPICIOUS_MOVE = YES;
				CLANG_WARN_UNGUARDED_AVAILABILITY = YES_AGGRESSIVE;
				CLANG_WARN_UNREACHABLE_CODE = YES;
				CLANG_WARN__DUPLICATE_METHOD_MATCH = YES;
				COPY_PHASE_STRIP = NO;
				DEBUG_INFORMATION_FORMAT = dwarf;
				ENABLE_STRICT_OBJC_MSGSEND = YES;
				ENABLE_TESTABILITY = YES;
				GCC_C_LANGUAGE_STANDARD = gnu11;
				GCC_DYNAMIC_NO_PIC = NO;
				GCC_NO_COMMON_BLOCKS = YES;
				GCC_OPTIMIZATION_LEVEL = 0;
				GCC_PREPROCESSOR_DEFINITIONS = (
					"DEBUG=1",
					"$(inherited)",
				);
				GCC_WARN_64_TO_32_BIT_CONVERSION = YES;
				GCC_WARN_ABOUT_RETURN_TYPE = YES_ERROR;
				GCC_WARN_UNDECLARED_SELECTOR = YES;
				GCC_WARN_UNINITIALIZED_AUTOS = YES_AGGRESSIVE;
				GCC_WARN_UNUSED_FUNCTION = YES;
				GCC_WARN_UNUSED_VARIABLE = YES;
				IPHONEOS_DEPLOYMENT_TARGET = 13.4;
				MTL_ENABLE_DEBUG_INFO = INCLUDE_SOURCE;
				MTL_FAST_MATH = YES;
				ONLY_ACTIVE_ARCH = YES;
				SDKROOT = iphoneos;
				SWIFT_ACTIVE_COMPILATION_CONDITIONS = DEBUG;
				SWIFT_OPTIMIZATION_LEVEL = "-Onone";
			};
			name = Debug;
		};
		1F76A640245DDEBD00D12D88 /* Release */ = {
			isa = XCBuildConfiguration;
			buildSettings = {
				ALWAYS_SEARCH_USER_PATHS = NO;
				CLANG_ANALYZER_NONNULL = YES;
				CLANG_ANALYZER_NUMBER_OBJECT_CONVERSION = YES_AGGRESSIVE;
				CLANG_CXX_LANGUAGE_STANDARD = "gnu++14";
				CLANG_CXX_LIBRARY = "libc++";
				CLANG_ENABLE_MODULES = YES;
				CLANG_ENABLE_OBJC_ARC = YES;
				CLANG_ENABLE_OBJC_WEAK = YES;
				CLANG_WARN_BLOCK_CAPTURE_AUTORELEASING = YES;
				CLANG_WARN_BOOL_CONVERSION = YES;
				CLANG_WARN_COMMA = YES;
				CLANG_WARN_CONSTANT_CONVERSION = YES;
				CLANG_WARN_DEPRECATED_OBJC_IMPLEMENTATIONS = YES;
				CLANG_WARN_DIRECT_OBJC_ISA_USAGE = YES_ERROR;
				CLANG_WARN_DOCUMENTATION_COMMENTS = YES;
				CLANG_WARN_EMPTY_BODY = YES;
				CLANG_WARN_ENUM_CONVERSION = YES;
				CLANG_WARN_INFINITE_RECURSION = YES;
				CLANG_WARN_INT_CONVERSION = YES;
				CLANG_WARN_NON_LITERAL_NULL_CONVERSION = YES;
				CLANG_WARN_OBJC_IMPLICIT_RETAIN_SELF = YES;
				CLANG_WARN_OBJC_LITERAL_CONVERSION = YES;
				CLANG_WARN_OBJC_ROOT_CLASS = YES_ERROR;
				CLANG_WARN_RANGE_LOOP_ANALYSIS = YES;
				CLANG_WARN_STRICT_PROTOTYPES = YES;
				CLANG_WARN_SUSPICIOUS_MOVE = YES;
				CLANG_WARN_UNGUARDED_AVAILABILITY = YES_AGGRESSIVE;
				CLANG_WARN_UNREACHABLE_CODE = YES;
				CLANG_WARN__DUPLICATE_METHOD_MATCH = YES;
				COPY_PHASE_STRIP = NO;
				DEBUG_INFORMATION_FORMAT = "dwarf-with-dsym";
				ENABLE_NS_ASSERTIONS = NO;
				ENABLE_STRICT_OBJC_MSGSEND = YES;
				GCC_C_LANGUAGE_STANDARD = gnu11;
				GCC_NO_COMMON_BLOCKS = YES;
				GCC_WARN_64_TO_32_BIT_CONVERSION = YES;
				GCC_WARN_ABOUT_RETURN_TYPE = YES_ERROR;
				GCC_WARN_UNDECLARED_SELECTOR = YES;
				GCC_WARN_UNINITIALIZED_AUTOS = YES_AGGRESSIVE;
				GCC_WARN_UNUSED_FUNCTION = YES;
				GCC_WARN_UNUSED_VARIABLE = YES;
				IPHONEOS_DEPLOYMENT_TARGET = 13.4;
				MTL_ENABLE_DEBUG_INFO = NO;
				MTL_FAST_MATH = YES;
				SDKROOT = iphoneos;
				SWIFT_COMPILATION_MODE = wholemodule;
				SWIFT_OPTIMIZATION_LEVEL = "-O";
				VALIDATE_PRODUCT = YES;
			};
			name = Release;
		};
		1F76A642245DDEBD00D12D88 /* Debug */ = {
			isa = XCBuildConfiguration;
			buildSettings = {
				ASSETCATALOG_COMPILER_APPICON_NAME = AppIcon;
				CODE_SIGN_STYLE = Automatic;
				DEVELOPMENT_ASSET_PATHS = "\"07_Dibujo/Preview Content\"";
				DEVELOPMENT_TEAM = XJJUM5G2KA;
				ENABLE_PREVIEWS = YES;
				INFOPLIST_FILE = 07_Dibujo/Info.plist;
				LD_RUNPATH_SEARCH_PATHS = (
					"$(inherited)",
					"@executable_path/Frameworks",
				);
				PRODUCT_BUNDLE_IDENTIFIER = "com.-7-Dibujo";
				PRODUCT_NAME = "$(TARGET_NAME)";
				SWIFT_VERSION = 5.0;
				TARGETED_DEVICE_FAMILY = "1,2";
			};
			name = Debug;
		};
		1F76A643245DDEBD00D12D88 /* Release */ = {
			isa = XCBuildConfiguration;
			buildSettings = {
				ASSETCATALOG_COMPILER_APPICON_NAME = AppIcon;
				CODE_SIGN_STYLE = Automatic;
				DEVELOPMENT_ASSET_PATHS = "\"07_Dibujo/Preview Content\"";
				DEVELOPMENT_TEAM = XJJUM5G2KA;
				ENABLE_PREVIEWS = YES;
				INFOPLIST_FILE = 07_Dibujo/Info.plist;
				LD_RUNPATH_SEARCH_PATHS = (
					"$(inherited)",
					"@executable_path/Frameworks",
				);
				PRODUCT_BUNDLE_IDENTIFIER = "com.-7-Dibujo";
				PRODUCT_NAME = "$(TARGET_NAME)";
				SWIFT_VERSION = 5.0;
				TARGETED_DEVICE_FAMILY = "1,2";
			};
			name = Release;
		};
/* End XCBuildConfiguration section */

/* Begin XCConfigurationList section */
		1F76A628245DDEB900D12D88 /* Build configuration list for PBXProject "07_Dibujo" */ = {
			isa = XCConfigurationList;
			buildConfigurations = (
				1F76A63F245DDEBD00D12D88 /* Debug */,
				1F76A640245DDEBD00D12D88 /* Release */,
			);
			defaultConfigurationIsVisible = 0;
			defaultConfigurationName = Release;
		};
		1F76A641245DDEBD00D12D88 /* Build configuration list for PBXNativeTarget "07_Dibujo" */ = {
			isa = XCConfigurationList;
			buildConfigurations = (
				1F76A642245DDEBD00D12D88 /* Debug */,
				1F76A643245DDEBD00D12D88 /* Release */,
			);
			defaultConfigurationIsVisible = 0;
			defaultConfigurationName = Release;
		};
/* End XCConfigurationList section */
	};
	rootObject = 1F76A625245DDEB900D12D88 /* Project object */;
}
